<?xml version="1.0" encoding="utf-8"?>
<Project ToolsVersion="4.0" xmlns="http://schemas.microsoft.com/developer/msbuild/2003">
  <ItemGroup>
    <Filter Include="Source Files">
      <UniqueIdentifier>{4FC737F1-C7A5-4376-A066-2A32D752A2FF}</UniqueIdentifier>
      <Extensions>cpp;c;cc;cxx;c++;cppm;ixx;def;odl;idl;hpj;bat;asm;asmx</Extensions>
    </Filter>
    <Filter Include="Header Files">
      <UniqueIdentifier>{93995380-89BD-4b04-88EB-625FBE52EBFB}</UniqueIdentifier>
      <Extensions>h;hh;hpp;hxx;h++;hm;inl;inc;ipp;xsd</Extensions>
    </Filter>
    <Filter Include="Resource Files">
      <UniqueIdentifier>{67DA6AB6-F800-4c08-8B7A-83BB121AAD01}</UniqueIdentifier>
      <Extensions>rc;ico;cur;bmp;dlg;rc2;rct;bin;rgs;gif;jpg;jpeg;jpe;resx;tiff;tif;png;wav;mfcribbon-ms</Extensions>
    </Filter>
    <Filter Include="Header Files\States">
      <UniqueIdentifier>{70802d08-5f8c-435e-89e9-808ebb21d79c}</UniqueIdentifier>
    </Filter>
    <Filter Include="Source Files\States">
      <UniqueIdentifier>{507925cb-fe0b-4b9c-8b0c-978b7450425c}</UniqueIdentifier>
    </Filter>
    <Filter Include="Header Files\Structures">
      <UniqueIdentifier>{a24e2bd2-d4f2-4605-ad4a-181d9b7298a0}</UniqueIdentifier>
    </Filter>
    <Filter Include="Source Files\Structures">
      <UniqueIdentifier>{fe2a2444-2594-4d8f-bf8c-385cc15a61c7}</UniqueIdentifier>
    </Filter>
    <Filter Include="Source Files\Helpers">
      <UniqueIdentifier>{3244d475-eded-4b71-a7a7-360e6f9a3689}</UniqueIdentifier>
    </Filter>
    <Filter Include="Header Files\Helpers">
      <UniqueIdentifier>{3a8c55c7-68c3-4c60-a32c-cb8ea0e8daa3}</UniqueIdentifier>
    </Filter>
    <Filter Include="Header Files\Algorithms">
      <UniqueIdentifier>{9da542e4-704c-4784-ba92-b64d02dff240}</UniqueIdentifier>
    </Filter>
    <Filter Include="Source Files\Algorithms">
      <UniqueIdentifier>{2bd7a4ee-a997-4faa-a353-e1964045b560}</UniqueIdentifier>
    </Filter>
  </ItemGroup>
  <ItemGroup>
    <ClCompile Include="stage_3.cpp">
      <Filter>Source Files</Filter>
    </ClCompile>
    <ClCompile Include="App.cpp">
      <Filter>Source Files</Filter>
    </ClCompile>
    <ClCompile Include="AState.cpp">
      <Filter>Source Files\States</Filter>
    </ClCompile>
    <ClCompile Include="StateMainMenu.cpp">
      <Filter>Source Files\States</Filter>
    </ClCompile>
    <ClCompile Include="StateShowProblem.cpp">
      <Filter>Source Files\States</Filter>
    </ClCompile>
    <ClCompile Include="StateRunAlgorithm.cpp">
      <Filter>Source Files\States</Filter>
    </ClCompile>
    <ClCompile Include="StateLoadFile.cpp">
      <Filter>Source Files\States</Filter>
    </ClCompile>
    <ClCompile Include="Job.cpp">
      <Filter>Source Files\Structures</Filter>
    </ClCompile>
    <ClCompile Include="JobsOrder.cpp">
      <Filter>Source Files\Structures</Filter>
    </ClCompile>
    <ClCompile Include="WeightedTardiness.cpp">
      <Filter>Source Files\Structures</Filter>
    </ClCompile>
    <ClCompile Include="RandomGenerator.cpp">
      <Filter>Source Files\Helpers</Filter>
    </ClCompile>
    <ClCompile Include="StateStopCrit.cpp">
      <Filter>Source Files\States</Filter>
    </ClCompile>
    <ClCompile Include="StatePopSize.cpp">
      <Filter>Source Files\States</Filter>
    </ClCompile>
    <ClCompile Include="StateCrossRate.cpp">
      <Filter>Source Files\States</Filter>
    </ClCompile>
    <ClCompile Include="StateMutRate.cpp">
      <Filter>Source Files\States</Filter>
    </ClCompile>
    <ClCompile Include="StateMutType.cpp">
      <Filter>Source Files\States</Filter>
    </ClCompile>
    <ClCompile Include="GeneticAlgorithm.cpp">
      <Filter>Source Files\Algorithms</Filter>
    </ClCompile>
    <ClCompile Include="StateCrossType.cpp">
      <Filter>Source Files\States</Filter>
    </ClCompile>
    <ClCompile Include="StateTests.cpp">
      <Filter>Source Files\States</Filter>
    </ClCompile>
  </ItemGroup>
  <ItemGroup>
    <ClInclude Include="AState.h">
      <Filter>Header Files\States</Filter>
    </ClInclude>
    <ClInclude Include="StateLoadFile.h">
      <Filter>Header Files\States</Filter>
    </ClInclude>
    <ClInclude Include="StateMainMenu.h">
      <Filter>Header Files\States</Filter>
    </ClInclude>
    <ClInclude Include="StateRunAlgorithm.h">
      <Filter>Header Files\States</Filter>
    </ClInclude>
    <ClInclude Include="StateShowProblem.h">
      <Filter>Header Files\States</Filter>
    </ClInclude>
    <ClInclude Include="Job.h">
      <Filter>Header Files\Structures</Filter>
    </ClInclude>
    <ClInclude Include="JobsOrder.h">
      <Filter>Header Files\Structures</Filter>
    </ClInclude>
    <ClInclude Include="WeightedTardiness.h">
      <Filter>Header Files\Structures</Filter>
    </ClInclude>
    <ClInclude Include="RandomGenerator.h">
      <Filter>Header Files\Helpers</Filter>
    </ClInclude>
    <ClInclude Include="StateStopCrit.h">
      <Filter>Header Files\States</Filter>
    </ClInclude>
    <ClInclude Include="App.h">
      <Filter>Header Files</Filter>
    </ClInclude>
    <ClInclude Include="StateCrossRate.h">
      <Filter>Header Files\States</Filter>
    </ClInclude>
    <ClInclude Include="StateMutRate.h">
      <Filter>Header Files\States</Filter>
    </ClInclude>
    <ClInclude Include="StateMutType.h">
      <Filter>Header Files\States</Filter>
    </ClInclude>
    <ClInclude Include="StatePopSize.h">
      <Filter>Header Files\States</Filter>
    </ClInclude>
    <ClInclude Include="GeneticAlgorithm.h">
      <Filter>Header Files\Algorithms</Filter>
    </ClInclude>
    <ClInclude Include="StateCrossType.h">
      <Filter>Header Files\States</Filter>
    </ClInclude>
    <ClInclude Include="StateTests.h">
      <Filter>Header Files\States</Filter>
    </ClInclude>
  </ItemGroup>
</Project>